{
  "version": 4,
  "terraform_version": "1.12.1",
  "serial": 45,
  "lineage": "09eafbf7-551b-d184-cef3-444d611449ad",
  "outputs": {
    "function_url": {
      "value": "https://us-central1-latamxp-sandbox.cloudfunctions.net/hello-function",
      "type": "string"
    },
    "load_balancer_ip": {
      "value": "34.111.199.11",
      "type": "string"
    }
  },
  "resources": [
    {
      "module": "module.cloud_function",
      "mode": "managed",
      "type": "google_cloudfunctions_function",
      "name": "hello_function",
      "provider": "provider[\"registry.terraform.io/hashicorp/google\"]",
      "instances": [
        {
          "schema_version": 0,
          "attributes": {
            "available_memory_mb": 128,
            "build_environment_variables": null,
            "build_service_account": "",
            "build_worker_pool": "",
            "description": "",
            "docker_registry": "ARTIFACT_REGISTRY",
            "docker_repository": "",
            "effective_labels": {
              "goog-terraform-provisioned": "true"
            },
            "entry_point": "hello_world",
            "environment_variables": {
              "LOG_LEVEL": "INFO"
            },
            "event_trigger": [],
            "https_trigger_security_level": "SECURE_ALWAYS",
            "https_trigger_url": "https://us-central1-latamxp-sandbox.cloudfunctions.net/hello-function",
            "id": "projects/latamxp-sandbox/locations/us-central1/functions/hello-function",
            "ingress_settings": "ALLOW_INTERNAL_AND_GCLB",
            "kms_key_name": "",
            "labels": {},
            "max_instances": 0,
            "min_instances": 0,
            "name": "hello-function",
            "project": "latamxp-sandbox",
            "region": "us-central1",
            "runtime": "python39",
            "secret_environment_variables": [],
            "secret_volumes": [],
            "service_account_email": "latamxp-sandbox@appspot.gserviceaccount.com",
            "source_archive_bucket": "latamxp-sandbox-function-hello-bucket",
            "source_archive_object": "hello-function-source.zip",
            "source_repository": [],
            "status": "ACTIVE",
            "terraform_labels": {
              "goog-terraform-provisioned": "true"
            },
            "timeout": 60,
            "timeouts": null,
            "trigger_http": true,
            "version_id": "4",
            "vpc_connector": "",
            "vpc_connector_egress_settings": ""
          },
          "sensitive_attributes": [],
          "identity_schema_version": 0,
          "private": "eyJlMmJmYjczMC1lY2FhLTExZTYtOGY4OC0zNDM2M2JjN2M0YzAiOnsiY3JlYXRlIjoxMjAwMDAwMDAwMDAwLCJkZWxldGUiOjEyMDAwMDAwMDAwMDAsInJlYWQiOjEyMDAwMDAwMDAwMDAsInVwZGF0ZSI6MTIwMDAwMDAwMDAwMH19",
          "dependencies": [
            "module.cloud_function.google_storage_bucket.bucket",
            "module.cloud_function.google_storage_bucket_object.archive"
          ]
        }
      ]
    },
    {
      "module": "module.cloud_function",
      "mode": "managed",
      "type": "google_storage_bucket",
      "name": "bucket",
      "provider": "provider[\"registry.terraform.io/hashicorp/google\"]",
      "instances": [
        {
          "schema_version": 3,
          "attributes": {
            "autoclass": [],
            "cors": [],
            "custom_placement_config": [],
            "default_event_based_hold": false,
            "effective_labels": {
              "goog-terraform-provisioned": "true"
            },
            "enable_object_retention": false,
            "encryption": [],
            "force_destroy": false,
            "hierarchical_namespace": [
              {
                "enabled": false
              }
            ],
            "id": "latamxp-sandbox-function-hello-bucket",
            "labels": {},
            "lifecycle_rule": [],
            "location": "US",
            "logging": [],
            "name": "latamxp-sandbox-function-hello-bucket",
            "project": "latamxp-sandbox",
            "project_number": 530817485872,
            "public_access_prevention": "inherited",
            "requester_pays": false,
            "retention_policy": [],
            "rpo": "DEFAULT",
            "self_link": "https://www.googleapis.com/storage/v1/b/latamxp-sandbox-function-hello-bucket",
            "soft_delete_policy": [
              {
                "effective_time": "2025-05-22T13:54:24.470Z",
                "retention_duration_seconds": 604800
              }
            ],
            "storage_class": "STANDARD",
            "terraform_labels": {
              "goog-terraform-provisioned": "true"
            },
            "time_created": "2025-05-22T13:54:24.470Z",
            "timeouts": null,
            "uniform_bucket_level_access": false,
            "updated": "2025-05-22T13:54:24.470Z",
            "url": "gs://latamxp-sandbox-function-hello-bucket",
            "versioning": [],
            "website": []
          },
          "sensitive_attributes": [],
          "identity_schema_version": 0,
          "private": "eyJlMmJmYjczMC1lY2FhLTExZTYtOGY4OC0zNDM2M2JjN2M0YzAiOnsiY3JlYXRlIjo2MDAwMDAwMDAwMDAsInJlYWQiOjI0MDAwMDAwMDAwMCwidXBkYXRlIjoyNDAwMDAwMDAwMDB9LCJzY2hlbWFfdmVyc2lvbiI6IjMifQ=="
        }
      ]
    },
    {
      "module": "module.cloud_function",
      "mode": "managed",
      "type": "google_storage_bucket_object",
      "name": "archive",
      "provider": "provider[\"registry.terraform.io/hashicorp/google\"]",
      "instances": [
        {
          "schema_version": 0,
          "attributes": {
            "bucket": "latamxp-sandbox-function-hello-bucket",
            "cache_control": "",
            "content": null,
            "content_disposition": "",
            "content_encoding": "",
            "content_language": "",
            "content_type": "application/zip",
            "crc32c": "6LD7EA==",
            "customer_encryption": [],
            "detect_md5hash": "C4xsO2zUTtUnOHlz6NCDvw==",
            "event_based_hold": false,
            "generation": 1747922066257326,
            "id": "latamxp-sandbox-function-hello-bucket-hello-function-source.zip",
            "kms_key_name": "",
            "md5hash": "C4xsO2zUTtUnOHlz6NCDvw==",
            "md5hexhash": "0b8c6c3b6cd44ed527387973e8d083bf",
            "media_link": "https://storage.googleapis.com/download/storage/v1/b/latamxp-sandbox-function-hello-bucket/o/hello-function-source.zip?generation=1747922066257326\u0026alt=media",
            "metadata": {},
            "name": "hello-function-source.zip",
            "output_name": "hello-function-source.zip",
            "retention": [],
            "self_link": "https://www.googleapis.com/storage/v1/b/latamxp-sandbox-function-hello-bucket/o/hello-function-source.zip",
            "source": "modules/cloud_function/../../cloud_function/main.zip",
            "storage_class": "STANDARD",
            "temporary_hold": false,
            "timeouts": null
          },
          "sensitive_attributes": [
            [
              {
                "type": "get_attr",
                "value": "content"
              }
            ]
          ],
          "identity_schema_version": 0,
          "private": "eyJlMmJmYjczMC1lY2FhLTExZTYtOGY4OC0zNDM2M2JjN2M0YzAiOnsiY3JlYXRlIjoyNDAwMDAwMDAwMDAsImRlbGV0ZSI6MjQwMDAwMDAwMDAwLCJ1cGRhdGUiOjI0MDAwMDAwMDAwMH19",
          "dependencies": [
            "module.cloud_function.google_storage_bucket.bucket"
          ]
        }
      ]
    },
    {
      "module": "module.load_balancer",
      "mode": "managed",
      "type": "google_compute_backend_service",
      "name": "hello_backend",
      "provider": "provider[\"registry.terraform.io/hashicorp/google\"]",
      "instances": [
        {
          "schema_version": 1,
          "attributes": {
            "affinity_cookie_ttl_sec": 0,
            "backend": [
              {
                "balancing_mode": "UTILIZATION",
                "capacity_scaler": 1,
                "custom_metrics": [],
                "description": "",
                "group": "https://www.googleapis.com/compute/v1/projects/latamxp-sandbox/regions/us-central1/networkEndpointGroups/hello-neg",
                "max_connections": 0,
                "max_connections_per_endpoint": 0,
                "max_connections_per_instance": 0,
                "max_rate": 0,
                "max_rate_per_endpoint": 0,
                "max_rate_per_instance": 0,
                "max_utilization": 0,
                "preference": ""
              }
            ],
            "cdn_policy": [],
            "circuit_breakers": [],
            "compression_mode": "",
            "connection_draining_timeout_sec": 300,
            "consistent_hash": [],
            "creation_timestamp": "2025-05-22T09:43:36.017-07:00",
            "custom_metrics": [],
            "custom_request_headers": [],
            "custom_response_headers": [],
            "description": "",
            "edge_security_policy": "",
            "enable_cdn": false,
            "external_managed_migration_state": "",
            "external_managed_migration_testing_percentage": 0,
            "fingerprint": "iooKSOWxPP4=",
            "generated_id": 7379769959607626456,
            "health_checks": [],
            "iap": [],
            "id": "projects/latamxp-sandbox/global/backendServices/hello-backend",
            "ip_address_selection_policy": "",
            "load_balancing_scheme": "EXTERNAL_MANAGED",
            "locality_lb_policies": [],
            "locality_lb_policy": "",
            "log_config": [],
            "max_stream_duration": [],
            "name": "hello-backend",
            "outlier_detection": [],
            "port_name": "http",
            "project": "latamxp-sandbox",
            "protocol": "HTTP",
            "security_policy": "https://www.googleapis.com/compute/v1/projects/latamxp-sandbox/global/securityPolicies/hello-cloud-armor-owasp",
            "security_settings": [],
            "self_link": "https://www.googleapis.com/compute/v1/projects/latamxp-sandbox/global/backendServices/hello-backend",
            "service_lb_policy": "",
            "session_affinity": "NONE",
            "strong_session_affinity_cookie": [],
            "timeout_sec": 30,
            "timeouts": null
          },
          "sensitive_attributes": [],
          "identity_schema_version": 0,
          "private": "eyJlMmJmYjczMC1lY2FhLTExZTYtOGY4OC0zNDM2M2JjN2M0YzAiOnsiY3JlYXRlIjoxMjAwMDAwMDAwMDAwLCJkZWxldGUiOjEyMDAwMDAwMDAwMDAsInVwZGF0ZSI6MTIwMDAwMDAwMDAwMH0sInNjaGVtYV92ZXJzaW9uIjoiMSJ9",
          "dependencies": [
            "module.cloud_function.google_cloudfunctions_function.hello_function",
            "module.cloud_function.google_storage_bucket.bucket",
            "module.cloud_function.google_storage_bucket_object.archive",
            "module.load_balancer.google_compute_region_network_endpoint_group.hello_neg",
            "module.load_balancer.google_compute_security_policy.hello_cloud_armor_policy"
          ]
        }
      ]
    },
    {
      "module": "module.load_balancer",
      "mode": "managed",
      "type": "google_compute_global_forwarding_rule",
      "name": "hello_fw_rule",
      "provider": "provider[\"registry.terraform.io/hashicorp/google\"]",
      "instances": [
        {
          "schema_version": 0,
          "attributes": {
            "base_forwarding_rule": "",
            "description": "",
            "effective_labels": {},
            "external_managed_backend_bucket_migration_state": "",
            "external_managed_backend_bucket_migration_testing_percentage": 0,
            "forwarding_rule_id": 7672964652233583259,
            "id": "projects/latamxp-sandbox/global/forwardingRules/http-forwarding-rule",
            "ip_address": "34.111.199.11",
            "ip_protocol": "TCP",
            "ip_version": "",
            "label_fingerprint": "42WmSpB8rSM=",
            "labels": {},
            "load_balancing_scheme": "EXTERNAL",
            "metadata_filters": [],
            "name": "http-forwarding-rule",
            "network": "",
            "network_tier": "PREMIUM",
            "no_automate_dns_zone": null,
            "port_range": "80-80",
            "project": "latamxp-sandbox",
            "psc_connection_id": "",
            "psc_connection_status": "",
            "self_link": "https://www.googleapis.com/compute/v1/projects/latamxp-sandbox/global/forwardingRules/http-forwarding-rule",
            "service_directory_registrations": [],
            "source_ip_ranges": [],
            "subnetwork": "",
            "target": "https://www.googleapis.com/compute/v1/projects/latamxp-sandbox/global/targetHttpProxies/http-proxy",
            "terraform_labels": {},
            "timeouts": null
          },
          "sensitive_attributes": [],
          "identity_schema_version": 0,
          "private": "eyJlMmJmYjczMC1lY2FhLTExZTYtOGY4OC0zNDM2M2JjN2M0YzAiOnsiY3JlYXRlIjoxMjAwMDAwMDAwMDAwLCJkZWxldGUiOjEyMDAwMDAwMDAwMDAsInVwZGF0ZSI6MTIwMDAwMDAwMDAwMH19",
          "dependencies": [
            "module.cloud_function.google_cloudfunctions_function.hello_function",
            "module.cloud_function.google_storage_bucket.bucket",
            "module.cloud_function.google_storage_bucket_object.archive",
            "module.load_balancer.google_compute_backend_service.hello_backend",
            "module.load_balancer.google_compute_region_network_endpoint_group.hello_neg",
            "module.load_balancer.google_compute_security_policy.hello_cloud_armor_policy",
            "module.load_balancer.google_compute_target_http_proxy.hello_http_proxy",
            "module.load_balancer.google_compute_url_map.hello_load_balancer"
          ]
        }
      ]
    },
    {
      "module": "module.load_balancer",
      "mode": "managed",
      "type": "google_compute_region_network_endpoint_group",
      "name": "hello_neg",
      "provider": "provider[\"registry.terraform.io/hashicorp/google\"]",
      "instances": [
        {
          "schema_version": 0,
          "attributes": {
            "app_engine": [],
            "cloud_function": [
              {
                "function": "hello-function",
                "url_mask": ""
              }
            ],
            "cloud_run": [],
            "description": "",
            "id": "projects/latamxp-sandbox/regions/us-central1/networkEndpointGroups/hello-neg",
            "name": "hello-neg",
            "network": "",
            "network_endpoint_type": "SERVERLESS",
            "project": "latamxp-sandbox",
            "psc_data": [],
            "psc_target_service": "",
            "region": "https://www.googleapis.com/compute/v1/projects/latamxp-sandbox/regions/us-central1",
            "self_link": "https://www.googleapis.com/compute/v1/projects/latamxp-sandbox/regions/us-central1/networkEndpointGroups/hello-neg",
            "subnetwork": "",
            "timeouts": null
          },
          "sensitive_attributes": [],
          "identity_schema_version": 0,
          "private": "eyJlMmJmYjczMC1lY2FhLTExZTYtOGY4OC0zNDM2M2JjN2M0YzAiOnsiY3JlYXRlIjoxMjAwMDAwMDAwMDAwLCJkZWxldGUiOjEyMDAwMDAwMDAwMDB9fQ==",
          "dependencies": [
            "module.cloud_function.google_cloudfunctions_function.hello_function",
            "module.cloud_function.google_storage_bucket.bucket",
            "module.cloud_function.google_storage_bucket_object.archive"
          ]
        }
      ]
    },
    {
      "module": "module.load_balancer",
      "mode": "managed",
      "type": "google_compute_security_policy",
      "name": "hello_cloud_armor_policy",
      "provider": "provider[\"registry.terraform.io/hashicorp/google\"]",
      "instances": [
        {
          "schema_version": 0,
          "attributes": {
            "adaptive_protection_config": [],
            "advanced_options_config": [],
            "description": "",
            "fingerprint": "T8R6ybCNF-I=",
            "id": "projects/latamxp-sandbox/global/securityPolicies/hello-cloud-armor-owasp",
            "name": "hello-cloud-armor-owasp",
            "project": "latamxp-sandbox",
            "recaptcha_options_config": [],
            "rule": [
              {
                "action": "allow",
                "description": "Default allow rule",
                "header_action": [],
                "match": [
                  {
                    "config": [
                      {
                        "src_ip_ranges": [
                          "*"
                        ]
                      }
                    ],
                    "expr": [],
                    "expr_options": [],
                    "versioned_expr": "SRC_IPS_V1"
                  }
                ],
                "preconfigured_waf_config": [],
                "preview": false,
                "priority": 2147483647,
                "rate_limit_options": [],
                "redirect_options": []
              },
              {
                "action": "deny(403)",
                "description": "Bloquea IPs maliciosas conocidas",
                "header_action": [],
                "match": [
                  {
                    "config": [
                      {
                        "src_ip_ranges": [
                          "1.2.3.4/32"
                        ]
                      }
                    ],
                    "expr": [],
                    "expr_options": [],
                    "versioned_expr": "SRC_IPS_V1"
                  }
                ],
                "preconfigured_waf_config": [],
                "preview": false,
                "priority": 1000,
                "rate_limit_options": [],
                "redirect_options": []
              },
              {
                "action": "deny(403)",
                "description": "Bloqueo de SQL Injection",
                "header_action": [],
                "match": [
                  {
                    "config": [],
                    "expr": [
                      {
                        "expression": "evaluatePreconfiguredExpr('sqli-v33-stable')"
                      }
                    ],
                    "expr_options": [],
                    "versioned_expr": ""
                  }
                ],
                "preconfigured_waf_config": [],
                "preview": false,
                "priority": 1002,
                "rate_limit_options": [],
                "redirect_options": []
              },
              {
                "action": "deny(403)",
                "description": "Bloqueo de XSS (OWASP)",
                "header_action": [],
                "match": [
                  {
                    "config": [],
                    "expr": [
                      {
                        "expression": "evaluatePreconfiguredExpr('xss-stable')"
                      }
                    ],
                    "expr_options": [],
                    "versioned_expr": ""
                  }
                ],
                "preconfigured_waf_config": [],
                "preview": false,
                "priority": 1001,
                "rate_limit_options": [],
                "redirect_options": []
              }
            ],
            "self_link": "https://www.googleapis.com/compute/v1/projects/latamxp-sandbox/global/securityPolicies/hello-cloud-armor-owasp",
            "timeouts": null,
            "type": "CLOUD_ARMOR"
          },
          "sensitive_attributes": [],
          "identity_schema_version": 0,
          "private": "eyJlMmJmYjczMC1lY2FhLTExZTYtOGY4OC0zNDM2M2JjN2M0YzAiOnsiY3JlYXRlIjoxODAwMDAwMDAwMDAwLCJkZWxldGUiOjE4MDAwMDAwMDAwMDAsInVwZGF0ZSI6MTgwMDAwMDAwMDAwMH19"
        }
      ]
    },
    {
      "module": "module.load_balancer",
      "mode": "managed",
      "type": "google_compute_target_http_proxy",
      "name": "hello_http_proxy",
      "provider": "provider[\"registry.terraform.io/hashicorp/google\"]",
      "instances": [
        {
          "schema_version": 0,
          "attributes": {
            "creation_timestamp": "2025-05-22T09:44:24.491-07:00",
            "description": "",
            "http_keep_alive_timeout_sec": 0,
            "id": "projects/latamxp-sandbox/global/targetHttpProxies/http-proxy",
            "name": "http-proxy",
            "project": "latamxp-sandbox",
            "proxy_bind": false,
            "proxy_id": 3643097967696734855,
            "self_link": "https://www.googleapis.com/compute/v1/projects/latamxp-sandbox/global/targetHttpProxies/http-proxy",
            "timeouts": null,
            "url_map": "https://www.googleapis.com/compute/v1/projects/latamxp-sandbox/global/urlMaps/hello-load-balancer"
          },
          "sensitive_attributes": [],
          "identity_schema_version": 0,
          "private": "eyJlMmJmYjczMC1lY2FhLTExZTYtOGY4OC0zNDM2M2JjN2M0YzAiOnsiY3JlYXRlIjoxMjAwMDAwMDAwMDAwLCJkZWxldGUiOjEyMDAwMDAwMDAwMDAsInVwZGF0ZSI6MTIwMDAwMDAwMDAwMH19",
          "dependencies": [
            "module.cloud_function.google_cloudfunctions_function.hello_function",
            "module.cloud_function.google_storage_bucket.bucket",
            "module.cloud_function.google_storage_bucket_object.archive",
            "module.load_balancer.google_compute_backend_service.hello_backend",
            "module.load_balancer.google_compute_region_network_endpoint_group.hello_neg",
            "module.load_balancer.google_compute_security_policy.hello_cloud_armor_policy",
            "module.load_balancer.google_compute_url_map.hello_load_balancer"
          ]
        }
      ]
    },
    {
      "module": "module.load_balancer",
      "mode": "managed",
      "type": "google_compute_url_map",
      "name": "hello_load_balancer",
      "provider": "provider[\"registry.terraform.io/hashicorp/google\"]",
      "instances": [
        {
          "schema_version": 0,
          "attributes": {
            "creation_timestamp": "2025-05-22T09:44:12.137-07:00",
            "default_route_action": [],
            "default_service": "https://www.googleapis.com/compute/v1/projects/latamxp-sandbox/global/backendServices/hello-backend",
            "default_url_redirect": [],
            "description": "",
            "fingerprint": "tMiJNgiGCUY=",
            "header_action": [],
            "host_rule": [],
            "id": "projects/latamxp-sandbox/global/urlMaps/hello-load-balancer",
            "map_id": 5258851118125083316,
            "name": "hello-load-balancer",
            "path_matcher": [],
            "project": "latamxp-sandbox",
            "self_link": "https://www.googleapis.com/compute/v1/projects/latamxp-sandbox/global/urlMaps/hello-load-balancer",
            "test": [],
            "timeouts": null
          },
          "sensitive_attributes": [],
          "identity_schema_version": 0,
          "private": "eyJlMmJmYjczMC1lY2FhLTExZTYtOGY4OC0zNDM2M2JjN2M0YzAiOnsiY3JlYXRlIjoxMjAwMDAwMDAwMDAwLCJkZWxldGUiOjEyMDAwMDAwMDAwMDAsInVwZGF0ZSI6MTIwMDAwMDAwMDAwMH19",
          "dependencies": [
            "module.cloud_function.google_cloudfunctions_function.hello_function",
            "module.cloud_function.google_storage_bucket.bucket",
            "module.cloud_function.google_storage_bucket_object.archive",
            "module.load_balancer.google_compute_backend_service.hello_backend",
            "module.load_balancer.google_compute_region_network_endpoint_group.hello_neg",
            "module.load_balancer.google_compute_security_policy.hello_cloud_armor_policy"
          ]
        }
      ]
    },
    {
      "module": "module.security",
      "mode": "managed",
      "type": "google_cloudfunctions_function_iam_member",
      "name": "public_invoker",
      "provider": "provider[\"registry.terraform.io/hashicorp/google\"]",
      "instances": [
        {
          "schema_version": 0,
          "attributes": {
            "cloud_function": "projects/latamxp-sandbox/locations/us-central1/functions/hello-function",
            "condition": [],
            "etag": "BwY1vSE/mHw=",
            "id": "projects/latamxp-sandbox/locations/us-central1/functions/hello-function/roles/cloudfunctions.invoker/allUsers",
            "member": "allUsers",
            "project": "latamxp-sandbox",
            "region": "us-central1",
            "role": "roles/cloudfunctions.invoker"
          },
          "sensitive_attributes": [],
          "identity_schema_version": 0,
          "private": "bnVsbA==",
          "dependencies": [
            "module.cloud_function.google_cloudfunctions_function.hello_function",
            "module.cloud_function.google_storage_bucket.bucket",
            "module.cloud_function.google_storage_bucket_object.archive"
          ]
        }
      ]
    }
  ],
  "check_results": null
}
